# This file is automatically @generated by Poetry 2.1.2 and should not be changed by hand.

[[package]]
name = "simplepyble"
version = "0.9.0"
description = "The ultimate fully-fledged cross-platform BLE library, designed for simplicity and ease of use."
optional = false
python-versions = ">=3.7"
groups = ["main"]
files = [
    {file = "simplepyble-0.9.0-cp310-cp310-macosx_10_15_universal2.whl", hash = "sha256:9ffee7172f17859d34caf1125ebaeae2d130041e3545bcbdc8c7bce2a29457fb"},
    {file = "simplepyble-0.9.0-cp310-cp310-macosx_10_15_x86_64.whl", hash = "sha256:2a5efc184ba6fdf99ad1a8c80030eb8342daedc84f32f09b9050ec0b6db00ba9"},
    {file = "simplepyble-0.9.0-cp310-cp310-macosx_11_0_arm64.whl", hash = "sha256:daf181250e3fda839c528f6536bc461dbcb88122a1d190dc2c409d82cf7f1aa9"},
    {file = "simplepyble-0.9.0-cp310-cp310-manylinux_2_17_aarch64.manylinux2014_aarch64.whl", hash = "sha256:d0e2cf2591381a76a43815a8dc31e637841208a048adc12271ce43c7a8c1a2b4"},
    {file = "simplepyble-0.9.0-cp310-cp310-manylinux_2_17_i686.manylinux2014_i686.whl", hash = "sha256:fe10307b434edb3ad8d56ecd2623372558259eba8568fd3d0c3f5344824e5726"},
    {file = "simplepyble-0.9.0-cp310-cp310-manylinux_2_17_x86_64.manylinux2014_x86_64.whl", hash = "sha256:c5169ccaf133baca1450ccfe9c1077524ac4453721dac73a21deb5e6bb51cef7"},
    {file = "simplepyble-0.9.0-cp310-cp310-win32.whl", hash = "sha256:d1d9cf70e2311b3882fabf418dcb1805b014152143e2915782751108629d5f91"},
    {file = "simplepyble-0.9.0-cp310-cp310-win_amd64.whl", hash = "sha256:db8fa7d28321f6814e94b9257388adfb851efb58cf9841c9e09428cb1225b3b1"},
    {file = "simplepyble-0.9.0-cp311-cp311-macosx_10_15_universal2.whl", hash = "sha256:fe60842cd1b194b5620f17693d1662b8ed965097a1fc0d1c939673f68163ae38"},
    {file = "simplepyble-0.9.0-cp311-cp311-macosx_10_15_x86_64.whl", hash = "sha256:db203b34ac3d42df7bf0c04b7bd34f0530af1bbdae5dbb89ff63c3a18858b6fc"},
    {file = "simplepyble-0.9.0-cp311-cp311-macosx_11_0_arm64.whl", hash = "sha256:384d0ee559b4f56bfd1cd5bcaa9428796a41a61f98c640986e4ea00eb9fdb47e"},
    {file = "simplepyble-0.9.0-cp311-cp311-manylinux_2_17_aarch64.manylinux2014_aarch64.whl", hash = "sha256:bd7ca0554678b2efed35daafe5ba010294d7e81f3ac3e9f3c8e1babe52bf8970"},
    {file = "simplepyble-0.9.0-cp311-cp311-manylinux_2_17_i686.manylinux2014_i686.whl", hash = "sha256:1bc3f3894b43dc9cccc4111af71e6cce843ed0851b0feb364267a306d3e6998f"},
    {file = "simplepyble-0.9.0-cp311-cp311-manylinux_2_17_x86_64.manylinux2014_x86_64.whl", hash = "sha256:35aad0d7a0912fc2e6f16d0da037e7d908972a2bf79739dd8c0072ce2bc56277"},
    {file = "simplepyble-0.9.0-cp311-cp311-win32.whl", hash = "sha256:bcf79720ec5ff45c9b12298d7e85c28aac34d16a206df0e7b2f7b6832de62326"},
    {file = "simplepyble-0.9.0-cp311-cp311-win_amd64.whl", hash = "sha256:692cf1e9463d0b9f5019f053aa643368bfb4a8573c8dc4bafa758a5fd546bef2"},
    {file = "simplepyble-0.9.0-cp312-cp312-macosx_10_15_universal2.whl", hash = "sha256:99354b74db83e4dc256cb5cfccd2f77ea1e9f03949cd68caf69b99b2efbcacff"},
    {file = "simplepyble-0.9.0-cp312-cp312-macosx_10_15_x86_64.whl", hash = "sha256:7d1fbe97d78de43683ad1674cce9a144a855397e389e48822a82a0f6401ab373"},
    {file = "simplepyble-0.9.0-cp312-cp312-macosx_11_0_arm64.whl", hash = "sha256:8b3df91924cb7532786966af2a323d3d6e6a523c179259fba0afbc5c96b3aa7d"},
    {file = "simplepyble-0.9.0-cp312-cp312-manylinux_2_17_aarch64.manylinux2014_aarch64.whl", hash = "sha256:572fd5821fba662a1f51a1cc30d3fd0ae1f742fdea4b2038864f02ebbc477ad7"},
    {file = "simplepyble-0.9.0-cp312-cp312-manylinux_2_17_i686.manylinux2014_i686.whl", hash = "sha256:5d0be098652d42411f5f2005362229b36fa4768589b63494177a837923d7977d"},
    {file = "simplepyble-0.9.0-cp312-cp312-manylinux_2_17_x86_64.manylinux2014_x86_64.whl", hash = "sha256:ac7e883f5f47b4625efaecbb15514aed09c061d1bf7d9aa45d6d225d7e969b74"},
    {file = "simplepyble-0.9.0-cp312-cp312-win32.whl", hash = "sha256:77cc9ff174a7cc7c4856dab563bc8280162005d8a5014395f2f5a40708a90cf1"},
    {file = "simplepyble-0.9.0-cp312-cp312-win_amd64.whl", hash = "sha256:58ba9c017ff2fc119f851b4f24bcb845aae2faf33a2f75d134ef2898993b8e32"},
    {file = "simplepyble-0.9.0-cp37-cp37m-macosx_10_15_x86_64.whl", hash = "sha256:e9191910c0ce7d0d471f0615b2954bb483277b8b978d813c015e327b9fd6f267"},
    {file = "simplepyble-0.9.0-cp37-cp37m-manylinux_2_17_aarch64.manylinux2014_aarch64.whl", hash = "sha256:f5df3f2fd485828b10414accf20706d184561bf63d3d7335418db39f615c7074"},
    {file = "simplepyble-0.9.0-cp37-cp37m-manylinux_2_17_i686.manylinux2014_i686.whl", hash = "sha256:423e755181fff4c26f2c9d1eb3335ab28ff441103565ff071d36585ca8c119cc"},
    {file = "simplepyble-0.9.0-cp37-cp37m-manylinux_2_17_x86_64.manylinux2014_x86_64.whl", hash = "sha256:e77508337fa50648116f206d677b44ebfefbfb1e133b1c291247a71c157d37ee"},
    {file = "simplepyble-0.9.0-cp37-cp37m-win32.whl", hash = "sha256:df17552d8c58e64d45000e2bb13ad1b3c6c7fb5f59082f9aeb2e072566fc3cd7"},
    {file = "simplepyble-0.9.0-cp37-cp37m-win_amd64.whl", hash = "sha256:d77004a557418c6dcf2ac70efbdebbedce69bf7629dc44f603544e418da4d375"},
    {file = "simplepyble-0.9.0-cp38-cp38-macosx_10_15_universal2.whl", hash = "sha256:2bcb075944fb34798997e6816dcd93e5e73f2fc704fcf81cc448f96bedbcfe50"},
    {file = "simplepyble-0.9.0-cp38-cp38-macosx_10_15_x86_64.whl", hash = "sha256:d8cff28ede7709652e0803f1c4b5f8fa4843a40deea8e88e98dc9cb579e3b980"},
    {file = "simplepyble-0.9.0-cp38-cp38-macosx_11_0_arm64.whl", hash = "sha256:1aa0c7e6b7af8a7708e460fae478f061d09818e224473cee3f96f1620384a9d5"},
    {file = "simplepyble-0.9.0-cp38-cp38-manylinux_2_17_aarch64.manylinux2014_aarch64.whl", hash = "sha256:0e4aaf7faf3f3431a49e5694eaf50f2267a7adb5f5eba1b24e0176e6c62cad2a"},
    {file = "simplepyble-0.9.0-cp38-cp38-manylinux_2_17_i686.manylinux2014_i686.whl", hash = "sha256:d7a61f24143e9a3d3334b1cf180cc48f6b41636a920c897dd8af01a6df9b93b3"},
    {file = "simplepyble-0.9.0-cp38-cp38-manylinux_2_17_x86_64.manylinux2014_x86_64.whl", hash = "sha256:b3c825bce411808d85c0f00f43ca99fcc7daed007d3a1221319e7d158bb4fa49"},
    {file = "simplepyble-0.9.0-cp38-cp38-win32.whl", hash = "sha256:c0ca86be159548a14e6fb56cdbd842d489e444d9e16ba120d2f88e15c6e4519c"},
    {file = "simplepyble-0.9.0-cp38-cp38-win_amd64.whl", hash = "sha256:156fec5f36480575a0c60e823f081df1490fc3f70f20ee6ed9f09fb1b6e4a762"},
    {file = "simplepyble-0.9.0-cp39-cp39-macosx_10_15_universal2.whl", hash = "sha256:558f294bfd08d2042a1e21d180835ef53a0db91a3df2f6f36599868655d11379"},
    {file = "simplepyble-0.9.0-cp39-cp39-macosx_10_15_x86_64.whl", hash = "sha256:9070465d9f5f8588dddf3868fabf9fdfbbb5cadb3a72383055b1eef8590fbd4d"},
    {file = "simplepyble-0.9.0-cp39-cp39-macosx_11_0_arm64.whl", hash = "sha256:d415dc556461d91ec69010a339257717fed895ce3f2e0f121062eee4e0f54781"},
    {file = "simplepyble-0.9.0-cp39-cp39-manylinux_2_17_aarch64.manylinux2014_aarch64.whl", hash = "sha256:0fe8ae72b23faea9f232b52a3f21019d3427750723a7b14d8dbe59d4ffd4bc2f"},
    {file = "simplepyble-0.9.0-cp39-cp39-manylinux_2_17_i686.manylinux2014_i686.whl", hash = "sha256:5c28fcd97e9fe84553b15ed4296e7106fd7520a636540241cf8e02f5f95ad31e"},
    {file = "simplepyble-0.9.0-cp39-cp39-manylinux_2_17_x86_64.manylinux2014_x86_64.whl", hash = "sha256:05f72847c5606c368624a29cc5f94204e4f6087405f5854388e5589c544180a6"},
    {file = "simplepyble-0.9.0-cp39-cp39-win32.whl", hash = "sha256:01ea02b539a1375c0523deeae4346f2655e74cce50fc772c2c612d2f8642a658"},
    {file = "simplepyble-0.9.0-cp39-cp39-win_amd64.whl", hash = "sha256:7b24891fae8702f647ef8de41b6eee212858795dd8d9d545d45ada72be92ad36"},
    {file = "simplepyble-0.9.0.tar.gz", hash = "sha256:3e8f21745fd9af0e6de2b18b396367a5501c7e1ec4da378222823b0a077cf7d2"},
]

[metadata]
lock-version = "2.1"
python-versions = "=3.11.9"
content-hash = "e74b78a4fc40745f47c4011d7e6935cd7aec3be872e59b98d43cc97ae937ddc8"
